
Microsoft Visual Studio Solution File, Format Version 12.00
# Visual Studio Version 16
VisualStudioVersion = 16.0.31702.278
MinimumVisualStudioVersion = 10.0.40219.1
Project("{FAE04EC0-301F-11D3-BF4B-00C04F79EFBC}") = "Docker-ComposeApp", "Docker-ComposeApp.csproj", "{40E9ABCD-2B5A-4715-B669-1B35182A262C}"
EndProject
Global
	GlobalSection(SolutionConfigurationPlatforms) = preSolution
		Debug|Any CPU = Debug|Any CPU
		Release|Any CPU = Release|Any CPU
	EndGlobalSection
	GlobalSection(ProjectConfigurationPlatforms) = postSolution
		{40E9ABCD-2B5A-4715-B669-1B35182A262C}.Debug|Any CPU.ActiveCfg = Debug|Any CPU
		{40E9ABCD-2B5A-4715-B669-1B35182A262C}.Debug|Any CPU.Build.0 = Debug|Any CPU
		{40E9ABCD-2B5A-4715-B669-1B35182A262C}.Release|Any CPU.ActiveCfg = Release|Any CPU
		{40E9ABCD-2B5A-4715-B669-1B35182A262C}.Release|Any CPU.Build.0 = Release|Any CPU
	EndGlobalSection
	GlobalSection(SolutionProperties) = preSolution
		HideSolutionNode = FALSE
	EndGlobalSection
	GlobalSection(ExtensibilityGlobals) = postSolution
		SolutionGuid = {B35937E5-C898-47BB-B4F7-7C0CCBEF3DD8}
	EndGlobalSection
EndGlobal
